// !$*UTF8*$!
{
	archiveVersion = 1;
	classes = {
	};
	objectVersion = 50;
	objects = {

/* Begin PBXBuildFile section */
		694414541AF5F3D1DD30E8B0 /* Pods_EveryDayApp.framework in Frameworks */ = {isa = PBXBuildFile; fileRef = 265ED6D9824BED491D2B17DA /* Pods_EveryDayApp.framework */; };
		AC0983C9220C731700068805 /* WeatherStruct.swift in Sources */ = {isa = PBXBuildFile; fileRef = AC0983C8220C731700068805 /* WeatherStruct.swift */; };
		AC27030022146D76005364BB /* SwipeVC.swift in Sources */ = {isa = PBXBuildFile; fileRef = AC2702FF22146D76005364BB /* SwipeVC.swift */; };
		AC5B0C34220DE5D40072913B /* ToDoListTableVC.swift in Sources */ = {isa = PBXBuildFile; fileRef = AC5B0C33220DE5D40072913B /* ToDoListTableVC.swift */; };
		AC5B0C37220F005E0072913B /* Item.swift in Sources */ = {isa = PBXBuildFile; fileRef = AC5B0C36220F005E0072913B /* Item.swift */; };
		AC620B25220A1A7C00D48A64 /* Utilits.swift in Sources */ = {isa = PBXBuildFile; fileRef = AC620B24220A1A7C00D48A64 /* Utilits.swift */; };
		AC8786FE220A2D890000073E /* Constants.swift in Sources */ = {isa = PBXBuildFile; fileRef = AC8786FD220A2D890000073E /* Constants.swift */; };
		AC9F05072205936A00CD4184 /* CurrencyVC.swift in Sources */ = {isa = PBXBuildFile; fileRef = AC9F05062205936A00CD4184 /* CurrencyVC.swift */; };
		ACB4ABE721FE3BCB00720839 /* AppDelegate.swift in Sources */ = {isa = PBXBuildFile; fileRef = ACB4ABE621FE3BCB00720839 /* AppDelegate.swift */; };
		ACB4ABE921FE3BCB00720839 /* WeatherVC.swift in Sources */ = {isa = PBXBuildFile; fileRef = ACB4ABE821FE3BCB00720839 /* WeatherVC.swift */; };
		ACB4ABEC21FE3BCB00720839 /* Main.storyboard in Resources */ = {isa = PBXBuildFile; fileRef = ACB4ABEA21FE3BCB00720839 /* Main.storyboard */; };
		ACB4ABEE21FE3BCC00720839 /* Assets.xcassets in Resources */ = {isa = PBXBuildFile; fileRef = ACB4ABED21FE3BCC00720839 /* Assets.xcassets */; };
		ACB4ABF121FE3BCC00720839 /* LaunchScreen.storyboard in Resources */ = {isa = PBXBuildFile; fileRef = ACB4ABEF21FE3BCC00720839 /* LaunchScreen.storyboard */; };
		ACD3D2B02212F4DB00A73713 /* ChangeCityVC.swift in Sources */ = {isa = PBXBuildFile; fileRef = ACD3D2AF2212F4DB00A73713 /* ChangeCityVC.swift */; };
/* End PBXBuildFile section */

/* Begin PBXFileReference section */
		241C9272CA47D64FFFDB1271 /* Pods-EveryDayApp.release.xcconfig */ = {isa = PBXFileReference; includeInIndex = 1; lastKnownFileType = text.xcconfig; name = "Pods-EveryDayApp.release.xcconfig"; path = "Pods/Target Support Files/Pods-EveryDayApp/Pods-EveryDayApp.release.xcconfig"; sourceTree = "<group>"; };
		265ED6D9824BED491D2B17DA /* Pods_EveryDayApp.framework */ = {isa = PBXFileReference; explicitFileType = wrapper.framework; includeInIndex = 0; path = Pods_EveryDayApp.framework; sourceTree = BUILT_PRODUCTS_DIR; };
		74ACD481B930E4AD65970DC7 /* Pods-EveryDayApp.debug.xcconfig */ = {isa = PBXFileReference; includeInIndex = 1; lastKnownFileType = text.xcconfig; name = "Pods-EveryDayApp.debug.xcconfig"; path = "Pods/Target Support Files/Pods-EveryDayApp/Pods-EveryDayApp.debug.xcconfig"; sourceTree = "<group>"; };
		AC0983C8220C731700068805 /* WeatherStruct.swift */ = {isa = PBXFileReference; lastKnownFileType = sourcecode.swift; path = WeatherStruct.swift; sourceTree = "<group>"; };
		AC2702FF22146D76005364BB /* SwipeVC.swift */ = {isa = PBXFileReference; lastKnownFileType = sourcecode.swift; path = SwipeVC.swift; sourceTree = "<group>"; };
		AC5B0C33220DE5D40072913B /* ToDoListTableVC.swift */ = {isa = PBXFileReference; lastKnownFileType = sourcecode.swift; path = ToDoListTableVC.swift; sourceTree = "<group>"; };
		AC5B0C36220F005E0072913B /* Item.swift */ = {isa = PBXFileReference; lastKnownFileType = sourcecode.swift; path = Item.swift; sourceTree = "<group>"; };
		AC620B24220A1A7C00D48A64 /* Utilits.swift */ = {isa = PBXFileReference; lastKnownFileType = sourcecode.swift; path = Utilits.swift; sourceTree = "<group>"; };
		AC8786FD220A2D890000073E /* Constants.swift */ = {isa = PBXFileReference; lastKnownFileType = sourcecode.swift; path = Constants.swift; sourceTree = "<group>"; };
		AC9F05062205936A00CD4184 /* CurrencyVC.swift */ = {isa = PBXFileReference; lastKnownFileType = sourcecode.swift; path = CurrencyVC.swift; sourceTree = "<group>"; };
		ACB4ABE321FE3BCB00720839 /* EveryDayApp.app */ = {isa = PBXFileReference; explicitFileType = wrapper.application; includeInIndex = 0; path = EveryDayApp.app; sourceTree = BUILT_PRODUCTS_DIR; };
		ACB4ABE621FE3BCB00720839 /* AppDelegate.swift */ = {isa = PBXFileReference; lastKnownFileType = sourcecode.swift; path = AppDelegate.swift; sourceTree = "<group>"; };
		ACB4ABE821FE3BCB00720839 /* WeatherVC.swift */ = {isa = PBXFileReference; lastKnownFileType = sourcecode.swift; path = WeatherVC.swift; sourceTree = "<group>"; };
		ACB4ABEB21FE3BCB00720839 /* Base */ = {isa = PBXFileReference; lastKnownFileType = file.storyboard; name = Base; path = Base.lproj/Main.storyboard; sourceTree = "<group>"; };
		ACB4ABED21FE3BCC00720839 /* Assets.xcassets */ = {isa = PBXFileReference; lastKnownFileType = folder.assetcatalog; path = Assets.xcassets; sourceTree = "<group>"; };
		ACB4ABF021FE3BCC00720839 /* Base */ = {isa = PBXFileReference; lastKnownFileType = file.storyboard; name = Base; path = Base.lproj/LaunchScreen.storyboard; sourceTree = "<group>"; };
		ACB4ABF221FE3BCC00720839 /* Info.plist */ = {isa = PBXFileReference; lastKnownFileType = text.plist.xml; path = Info.plist; sourceTree = "<group>"; };
		ACD3D2AF2212F4DB00A73713 /* ChangeCityVC.swift */ = {isa = PBXFileReference; lastKnownFileType = sourcecode.swift; path = ChangeCityVC.swift; sourceTree = "<group>"; };
/* End PBXFileReference section */

/* Begin PBXFrameworksBuildPhase section */
		ACB4ABE021FE3BCB00720839 /* Frameworks */ = {
			isa = PBXFrameworksBuildPhase;
			buildActionMask = 2147483647;
			files = (
				694414541AF5F3D1DD30E8B0 /* Pods_EveryDayApp.framework in Frameworks */,
			);
			runOnlyForDeploymentPostprocessing = 0;
		};
/* End PBXFrameworksBuildPhase section */

/* Begin PBXGroup section */
		85F10D1CA16EAC4F834FDA6B /* Pods */ = {
			isa = PBXGroup;
			children = (
				74ACD481B930E4AD65970DC7 /* Pods-EveryDayApp.debug.xcconfig */,
				241C9272CA47D64FFFDB1271 /* Pods-EveryDayApp.release.xcconfig */,
			);
			name = Pods;
			sourceTree = "<group>";
		};
		AC0983C7220C72AE00068805 /* WeatherModel */ = {
			isa = PBXGroup;
			children = (
				AC0983C8220C731700068805 /* WeatherStruct.swift */,
			);
			path = WeatherModel;
			sourceTree = "<group>";
		};
		AC5B0C2F220CEDB80072913B /* Models */ = {
			isa = PBXGroup;
			children = (
				AC2702FF22146D76005364BB /* SwipeVC.swift */,
				AC5B0C35220F00060072913B /* ToDoList */,
				AC5B0C30220CEDDB0072913B /* Constants and Utilits */,
				AC0983C7220C72AE00068805 /* WeatherModel */,
			);
			path = Models;
			sourceTree = "<group>";
		};
		AC5B0C30220CEDDB0072913B /* Constants and Utilits */ = {
			isa = PBXGroup;
			children = (
				AC8786FD220A2D890000073E /* Constants.swift */,
				AC620B24220A1A7C00D48A64 /* Utilits.swift */,
			);
			path = "Constants and Utilits";
			sourceTree = "<group>";
		};
		AC5B0C31220CEDFC0072913B /* CurrencyController */ = {
			isa = PBXGroup;
			children = (
				AC9F05062205936A00CD4184 /* CurrencyVC.swift */,
			);
			path = CurrencyController;
			sourceTree = "<group>";
		};
		AC5B0C32220DE5880072913B /* ToDoListController */ = {
			isa = PBXGroup;
			children = (
				AC5B0C33220DE5D40072913B /* ToDoListTableVC.swift */,
			);
			path = ToDoListController;
			sourceTree = "<group>";
		};
		AC5B0C35220F00060072913B /* ToDoList */ = {
			isa = PBXGroup;
			children = (
				AC5B0C36220F005E0072913B /* Item.swift */,
			);
			path = ToDoList;
			sourceTree = "<group>";
		};
		ACB4ABDA21FE3BCB00720839 = {
			isa = PBXGroup;
			children = (
				ACB4ABE521FE3BCB00720839 /* EveryDayApp */,
				ACB4ABE421FE3BCB00720839 /* Products */,
				85F10D1CA16EAC4F834FDA6B /* Pods */,
				C032C740A46E446FF9D42C8E /* Frameworks */,
			);
			sourceTree = "<group>";
		};
		ACB4ABE421FE3BCB00720839 /* Products */ = {
			isa = PBXGroup;
			children = (
				ACB4ABE321FE3BCB00720839 /* EveryDayApp.app */,
			);
			name = Products;
			sourceTree = "<group>";
		};
		ACB4ABE521FE3BCB00720839 /* EveryDayApp */ = {
			isa = PBXGroup;
			children = (
				ACB4ABE621FE3BCB00720839 /* AppDelegate.swift */,
				ACB4ABEA21FE3BCB00720839 /* Main.storyboard */,
				AC5B0C31220CEDFC0072913B /* CurrencyController */,
				ACB4ABF921FE3C6500720839 /* WeatherControllers */,
				AC5B0C32220DE5880072913B /* ToDoListController */,
				AC5B0C2F220CEDB80072913B /* Models */,
				ACB4ABED21FE3BCC00720839 /* Assets.xcassets */,
				ACB4ABEF21FE3BCC00720839 /* LaunchScreen.storyboard */,
				ACB4ABF221FE3BCC00720839 /* Info.plist */,
			);
			path = EveryDayApp;
			sourceTree = "<group>";
		};
		ACB4ABF921FE3C6500720839 /* WeatherControllers */ = {
			isa = PBXGroup;
			children = (
				ACB4ABE821FE3BCB00720839 /* WeatherVC.swift */,
				ACD3D2AF2212F4DB00A73713 /* ChangeCityVC.swift */,
			);
			path = WeatherControllers;
			sourceTree = "<group>";
		};
		C032C740A46E446FF9D42C8E /* Frameworks */ = {
			isa = PBXGroup;
			children = (
				265ED6D9824BED491D2B17DA /* Pods_EveryDayApp.framework */,
			);
			name = Frameworks;
			sourceTree = "<group>";
		};
/* End PBXGroup section */

/* Begin PBXNativeTarget section */
		ACB4ABE221FE3BCB00720839 /* EveryDayApp */ = {
			isa = PBXNativeTarget;
			buildConfigurationList = ACB4ABF521FE3BCC00720839 /* Build configuration list for PBXNativeTarget "EveryDayApp" */;
			buildPhases = (
				A88070C9F7B44AE99E12DC88 /* [CP] Check Pods Manifest.lock */,
				ACB4ABDF21FE3BCB00720839 /* Sources */,
				ACB4ABE021FE3BCB00720839 /* Frameworks */,
				ACB4ABE121FE3BCB00720839 /* Resources */,
				DEF700DBE684E8CD3B05FCD3 /* [CP] Embed Pods Frameworks */,
			);
			buildRules = (
			);
			dependencies = (
			);
			name = EveryDayApp;
			productName = EveryDayApp;
			productReference = ACB4ABE321FE3BCB00720839 /* EveryDayApp.app */;
			productType = "com.apple.product-type.application";
		};
/* End PBXNativeTarget section */

/* Begin PBXProject section */
		ACB4ABDB21FE3BCB00720839 /* Project object */ = {
			isa = PBXProject;
			attributes = {
				LastSwiftUpdateCheck = 1010;
				LastUpgradeCheck = 1010;
				ORGANIZATIONNAME = Artem;
				TargetAttributes = {
					ACB4ABE221FE3BCB00720839 = {
						CreatedOnToolsVersion = 10.1;
					};
				};
			};
			buildConfigurationList = ACB4ABDE21FE3BCB00720839 /* Build configuration list for PBXProject "EveryDayApp" */;
			compatibilityVersion = "Xcode 9.3";
			developmentRegion = en;
			hasScannedForEncodings = 0;
			knownRegions = (
				en,
				Base,
			);
			mainGroup = ACB4ABDA21FE3BCB00720839;
			productRefGroup = ACB4ABE421FE3BCB00720839 /* Products */;
			projectDirPath = "";
			projectRoot = "";
			targets = (
				ACB4ABE221FE3BCB00720839 /* EveryDayApp */,
			);
		};
/* End PBXProject section */

/* Begin PBXResourcesBuildPhase section */
		ACB4ABE121FE3BCB00720839 /* Resources */ = {
			isa = PBXResourcesBuildPhase;
			buildActionMask = 2147483647;
			files = (
				ACB4ABF121FE3BCC00720839 /* LaunchScreen.storyboard in Resources */,
				ACB4ABEE21FE3BCC00720839 /* Assets.xcassets in Resources */,
				ACB4ABEC21FE3BCB00720839 /* Main.storyboard in Resources */,
			);
			runOnlyForDeploymentPostprocessing = 0;
		};
/* End PBXResourcesBuildPhase section */

/* Begin PBXShellScriptBuildPhase section */
		A88070C9F7B44AE99E12DC88 /* [CP] Check Pods Manifest.lock */ = {
			isa = PBXShellScriptBuildPhase;
			buildActionMask = 2147483647;
			files = (
			);
			inputFileListPaths = (
			);
			inputPaths = (
				"${PODS_PODFILE_DIR_PATH}/Podfile.lock",
				"${PODS_ROOT}/Manifest.lock",
			);
			name = "[CP] Check Pods Manifest.lock";
			outputFileListPaths = (
			);
			outputPaths = (
				"$(DERIVED_FILE_DIR)/Pods-EveryDayApp-checkManifestLockResult.txt",
			);
			runOnlyForDeploymentPostprocessing = 0;
			shellPath = /bin/sh;
			shellScript = "diff \"${PODS_PODFILE_DIR_PATH}/Podfile.lock\" \"${PODS_ROOT}/Manifest.lock\" > /dev/null\nif [ $? != 0 ] ; then\n    # print error to STDERR\n    echo \"error: The sandbox is not in sync with the Podfile.lock. Run 'pod install' or update your CocoaPods installation.\" >&2\n    exit 1\nfi\n# This output is used by Xcode 'outputs' to avoid re-running this script phase.\necho \"SUCCESS\" > \"${SCRIPT_OUTPUT_FILE_0}\"\n";
			showEnvVarsInLog = 0;
		};
		DEF700DBE684E8CD3B05FCD3 /* [CP] Embed Pods Frameworks */ = {
			isa = PBXShellScriptBuildPhase;
			buildActionMask = 2147483647;
			files = (
			);
			inputFileListPaths = (
			);
			inputPaths = (
				"${SRCROOT}/Pods/Target Support Files/Pods-EveryDayApp/Pods-EveryDayApp-frameworks.sh",
				"${BUILT_PRODUCTS_DIR}/Alamofire/Alamofire.framework",
				"${BUILT_PRODUCTS_DIR}/Disk/Disk.framework",
				"${BUILT_PRODUCTS_DIR}/SwipeVC/SwipeVC.framework",
			);
			name = "[CP] Embed Pods Frameworks";
			outputFileListPaths = (
			);
			outputPaths = (
				"${TARGET_BUILD_DIR}/${FRAMEWORKS_FOLDER_PATH}/Alamofire.framework",
				"${TARGET_BUILD_DIR}/${FRAMEWORKS_FOLDER_PATH}/Disk.framework",
				"${TARGET_BUILD_DIR}/${FRAMEWORKS_FOLDER_PATH}/SwipeVC.framework",
			);
			runOnlyForDeploymentPostprocessing = 0;
			shellPath = /bin/sh;
			shellScript = "\"${SRCROOT}/Pods/Target Support Files/Pods-EveryDayApp/Pods-EveryDayApp-frameworks.sh\"\n";
			showEnvVarsInLog = 0;
		};
/* End PBXShellScriptBuildPhase section */

/* Begin PBXSourcesBuildPhase section */
		ACB4ABDF21FE3BCB00720839 /* Sources */ = {
			isa = PBXSourcesBuildPhase;
			buildActionMask = 2147483647;
			files = (
				AC8786FE220A2D890000073E /* Constants.swift in Sources */,
				AC27030022146D76005364BB /* SwipeVC.swift in Sources */,
				AC9F05072205936A00CD4184 /* CurrencyVC.swift in Sources */,
				ACB4ABE921FE3BCB00720839 /* WeatherVC.swift in Sources */,
				AC5B0C34220DE5D40072913B /* ToDoListTableVC.swift in Sources */,
				AC620B25220A1A7C00D48A64 /* Utilits.swift in Sources */,
				ACD3D2B02212F4DB00A73713 /* ChangeCityVC.swift in Sources */,
				ACB4ABE721FE3BCB00720839 /* AppDelegate.swift in Sources */,
				AC0983C9220C731700068805 /* WeatherStruct.swift in Sources */,
				AC5B0C37220F005E0072913B /* Item.swift in Sources */,
			);
			runOnlyForDeploymentPostprocessing = 0;
		};
/* End PBXSourcesBuildPhase section */

/* Begin PBXVariantGroup section */
		ACB4ABEA21FE3BCB00720839 /* Main.storyboard */ = {
			isa = PBXVariantGroup;
			children = (
				ACB4ABEB21FE3BCB00720839 /* Base */,
			);
			name = Main.storyboard;
			sourceTree = "<group>";
		};
		ACB4ABEF21FE3BCC00720839 /* LaunchScreen.storyboard */ = {
			isa = PBXVariantGroup;
			children = (
				ACB4ABF021FE3BCC00720839 /* Base */,
			);
			name = LaunchScreen.storyboard;
			sourceTree = "<group>";
		};
/* End PBXVariantGroup section */

/* Begin XCBuildConfiguration section */
		ACB4ABF321FE3BCC00720839 /* Debug */ = {
			isa = XCBuildConfiguration;
			buildSettings = {
				ALWAYS_SEARCH_USER_PATHS = NO;
				CLANG_ANALYZER_NONNULL = YES;
				CLANG_ANALYZER_NUMBER_OBJECT_CONVERSION = YES_AGGRESSIVE;
				CLANG_CXX_LANGUAGE_STANDARD = "gnu++14";
				CLANG_CXX_LIBRARY = "libc++";
				CLANG_ENABLE_MODULES = YES;
				CLANG_ENABLE_OBJC_ARC = YES;
				CLANG_ENABLE_OBJC_WEAK = YES;
				CLANG_WARN_BLOCK_CAPTURE_AUTORELEASING = YES;
				CLANG_WARN_BOOL_CONVERSION = YES;
				CLANG_WARN_COMMA = YES;
				CLANG_WARN_CONSTANT_CONVERSION = YES;
				CLANG_WARN_DEPRECATED_OBJC_IMPLEMENTATIONS = YES;
				CLANG_WARN_DIRECT_OBJC_ISA_USAGE = YES_ERROR;
				CLANG_WARN_DOCUMENTATION_COMMENTS = YES;
				CLANG_WARN_EMPTY_BODY = YES;
				CLANG_WARN_ENUM_CONVERSION = YES;
				CLANG_WARN_INFINITE_RECURSION = YES;
				CLANG_WARN_INT_CONVERSION = YES;
				CLANG_WARN_NON_LITERAL_NULL_CONVERSION = YES;
				CLANG_WARN_OBJC_IMPLICIT_RETAIN_SELF = YES;
				CLANG_WARN_OBJC_LITERAL_CONVERSION = YES;
				CLANG_WARN_OBJC_ROOT_CLASS = YES_ERROR;
				CLANG_WARN_RANGE_LOOP_ANALYSIS = YES;
				CLANG_WARN_STRICT_PROTOTYPES = YES;
				CLANG_WARN_SUSPICIOUS_MOVE = YES;
				CLANG_WARN_UNGUARDED_AVAILABILITY = YES_AGGRESSIVE;
				CLANG_WARN_UNREACHABLE_CODE = YES;
				CLANG_WARN__DUPLICATE_METHOD_MATCH = YES;
				CODE_SIGN_IDENTITY = "iPhone Developer";
				COPY_PHASE_STRIP = NO;
				DEBUG_INFORMATION_FORMAT = dwarf;
				ENABLE_STRICT_OBJC_MSGSEND = YES;
				ENABLE_TESTABILITY = YES;
				GCC_C_LANGUAGE_STANDARD = gnu11;
				GCC_DYNAMIC_NO_PIC = NO;
				GCC_NO_COMMON_BLOCKS = YES;
				GCC_OPTIMIZATION_LEVEL = 0;
				GCC_PREPROCESSOR_DEFINITIONS = (
					"DEBUG=1",
					"$(inherited)",
				);
				GCC_WARN_64_TO_32_BIT_CONVERSION = YES;
				GCC_WARN_ABOUT_RETURN_TYPE = YES_ERROR;
				GCC_WARN_UNDECLARED_SELECTOR = YES;
				GCC_WARN_UNINITIALIZED_AUTOS = YES_AGGRESSIVE;
				GCC_WARN_UNUSED_FUNCTION = YES;
				GCC_WARN_UNUSED_VARIABLE = YES;
				IPHONEOS_DEPLOYMENT_TARGET = 12.1;
				MTL_ENABLE_DEBUG_INFO = INCLUDE_SOURCE;
				MTL_FAST_MATH = YES;
				ONLY_ACTIVE_ARCH = YES;
				SDKROOT = iphoneos;
				SWIFT_ACTIVE_COMPILATION_CONDITIONS = DEBUG;
				SWIFT_OPTIMIZATION_LEVEL = "-Onone";
			};
			name = Debug;
		};
		ACB4ABF421FE3BCC00720839 /* Release */ = {
			isa = XCBuildConfiguration;
			buildSettings = {
				ALWAYS_SEARCH_USER_PATHS = NO;
				CLANG_ANALYZER_NONNULL = YES;
				CLANG_ANALYZER_NUMBER_OBJECT_CONVERSION = YES_AGGRESSIVE;
				CLANG_CXX_LANGUAGE_STANDARD = "gnu++14";
				CLANG_CXX_LIBRARY = "libc++";
				CLANG_ENABLE_MODULES = YES;
				CLANG_ENABLE_OBJC_ARC = YES;
				CLANG_ENABLE_OBJC_WEAK = YES;
				CLANG_WARN_BLOCK_CAPTURE_AUTORELEASING = YES;
				CLANG_WARN_BOOL_CONVERSION = YES;
				CLANG_WARN_COMMA = YES;
				CLANG_WARN_CONSTANT_CONVERSION = YES;
				CLANG_WARN_DEPRECATED_OBJC_IMPLEMENTATIONS = YES;
				CLANG_WARN_DIRECT_OBJC_ISA_USAGE = YES_ERROR;
				CLANG_WARN_DOCUMENTATION_COMMENTS = YES;
				CLANG_WARN_EMPTY_BODY = YES;
				CLANG_WARN_ENUM_CONVERSION = YES;
				CLANG_WARN_INFINITE_RECURSION = YES;
				CLANG_WARN_INT_CONVERSION = YES;
				CLANG_WARN_NON_LITERAL_NULL_CONVERSION = YES;
				CLANG_WARN_OBJC_IMPLICIT_RETAIN_SELF = YES;
				CLANG_WARN_OBJC_LITERAL_CONVERSION = YES;
				CLANG_WARN_OBJC_ROOT_CLASS = YES_ERROR;
				CLANG_WARN_RANGE_LOOP_ANALYSIS = YES;
				CLANG_WARN_STRICT_PROTOTYPES = YES;
				CLANG_WARN_SUSPICIOUS_MOVE = YES;
				CLANG_WARN_UNGUARDED_AVAILABILITY = YES_AGGRESSIVE;
				CLANG_WARN_UNREACHABLE_CODE = YES;
				CLANG_WARN__DUPLICATE_METHOD_MATCH = YES;
				CODE_SIGN_IDENTITY = "iPhone Developer";
				COPY_PHASE_STRIP = NO;
				DEBUG_INFORMATION_FORMAT = "dwarf-with-dsym";
				ENABLE_NS_ASSERTIONS = NO;
				ENABLE_STRICT_OBJC_MSGSEND = YES;
				GCC_C_LANGUAGE_STANDARD = gnu11;
				GCC_NO_COMMON_BLOCKS = YES;
				GCC_WARN_64_TO_32_BIT_CONVERSION = YES;
				GCC_WARN_ABOUT_RETURN_TYPE = YES_ERROR;
				GCC_WARN_UNDECLARED_SELECTOR = YES;
				GCC_WARN_UNINITIALIZED_AUTOS = YES_AGGRESSIVE;
				GCC_WARN_UNUSED_FUNCTION = YES;
				GCC_WARN_UNUSED_VARIABLE = YES;
				IPHONEOS_DEPLOYMENT_TARGET = 12.1;
				MTL_ENABLE_DEBUG_INFO = NO;
				MTL_FAST_MATH = YES;
				SDKROOT = iphoneos;
				SWIFT_COMPILATION_MODE = wholemodule;
				SWIFT_OPTIMIZATION_LEVEL = "-O";
				VALIDATE_PRODUCT = YES;
			};
			name = Release;
		};
		ACB4ABF621FE3BCC00720839 /* Debug */ = {
			isa = XCBuildConfiguration;
			baseConfigurationReference = 74ACD481B930E4AD65970DC7 /* Pods-EveryDayApp.debug.xcconfig */;
			buildSettings = {
				ASSETCATALOG_COMPILER_APPICON_NAME = AppIcon;
				CODE_SIGN_STYLE = Automatic;
				DEVELOPMENT_TEAM = Q3C77S94RP;
				INFOPLIST_FILE = EveryDayApp/Info.plist;
				LD_RUNPATH_SEARCH_PATHS = (
					"$(inherited)",
					"@executable_path/Frameworks",
				);
				PRODUCT_BUNDLE_IDENTIFIER = Artem.EveryDayApp;
				PRODUCT_NAME = "$(TARGET_NAME)";
				SWIFT_VERSION = 4.2;
				TARGETED_DEVICE_FAMILY = "1,2";
			};
			name = Debug;
		};
		ACB4ABF721FE3BCC00720839 /* Release */ = {
			isa = XCBuildConfiguration;
			baseConfigurationReference = 241C9272CA47D64FFFDB1271 /* Pods-EveryDayApp.release.xcconfig */;
			buildSettings = {
				ASSETCATALOG_COMPILER_APPICON_NAME = AppIcon;
				CODE_SIGN_STYLE = Automatic;
				DEVELOPMENT_TEAM = Q3C77S94RP;
				INFOPLIST_FILE = EveryDayApp/Info.plist;
				LD_RUNPATH_SEARCH_PATHS = (
					"$(inherited)",
					"@executable_path/Frameworks",
				);
				PRODUCT_BUNDLE_IDENTIFIER = Artem.EveryDayApp;
				PRODUCT_NAME = "$(TARGET_NAME)";
				SWIFT_VERSION = 4.2;
				TARGETED_DEVICE_FAMILY = "1,2";
			};
			name = Release;
		};
/* End XCBuildConfiguration section */

/* Begin XCConfigurationList section */
		ACB4ABDE21FE3BCB00720839 /* Build configuration list for PBXProject "EveryDayApp" */ = {
			isa = XCConfigurationList;
			buildConfigurations = (
				ACB4ABF321FE3BCC00720839 /* Debug */,
				ACB4ABF421FE3BCC00720839 /* Release */,
			);
			defaultConfigurationIsVisible = 0;
			defaultConfigurationName = Release;
		};
		ACB4ABF521FE3BCC00720839 /* Build configuration list for PBXNativeTarget "EveryDayApp" */ = {
			isa = XCConfigurationList;
			buildConfigurations = (
				ACB4ABF621FE3BCC00720839 /* Debug */,
				ACB4ABF721FE3BCC00720839 /* Release */,
			);
			defaultConfigurationIsVisible = 0;
			defaultConfigurationName = Release;
		};
/* End XCConfigurationList section */
	};
	rootObject = ACB4ABDB21FE3BCB00720839 /* Project object */;
}
